// !$*UTF8*$!
{
	archiveVersion = 1;
	classes = {
	};
	objectVersion = 46;
	objects = {

/* Begin PBXBuildFile section */
		4034139B1793FBA8005BC48B /* NextDayClient+Outbox.m in Sources */ = {isa = PBXBuildFile; fileRef = 403413991793FBA8005BC48B /* NextDayClient+Outbox.m */; };
		403413C31793FBE4005BC48B /* NextDayClientGiftReceiver.m in Sources */ = {isa = PBXBuildFile; fileRef = 403413BF1793FBE4005BC48B /* NextDayClientGiftReceiver.m */; };
		403413C41793FBE4005BC48B /* NextDayClientGiftData.m in Sources */ = {isa = PBXBuildFile; fileRef = 403413C01793FBE4005BC48B /* NextDayClientGiftData.m */; };
		4045271517C33F03007BC2E5 /* NextDayClient+Users.m in Sources */ = {isa = PBXBuildFile; fileRef = 4045271417C33F03007BC2E5 /* NextDayClient+Users.m */; };
		4045271817C33F2E007BC2E5 /* NextDayClient+Consts.m in Sources */ = {isa = PBXBuildFile; fileRef = 4045271717C33F2E007BC2E5 /* NextDayClient+Consts.m */; };
		4063084917A7611D0036CF14 /* NextDayClient+Inbox.m in Sources */ = {isa = PBXBuildFile; fileRef = 4063084717A7611D0036CF14 /* NextDayClient+Inbox.m */; };
		4063087517A7671E0036CF14 /* AVFoundation.framework in Frameworks */ = {isa = PBXBuildFile; fileRef = 4063087417A7671E0036CF14 /* AVFoundation.framework */; };
		4063087717A7672D0036CF14 /* CoreMedia.framework in Frameworks */ = {isa = PBXBuildFile; fileRef = 4063087617A7672D0036CF14 /* CoreMedia.framework */; };
		4063087917A767380036CF14 /* CoreVideo.framework in Frameworks */ = {isa = PBXBuildFile; fileRef = 4063087817A767380036CF14 /* CoreVideo.framework */; };
		4063087B17A767460036CF14 /* OpenGLES.framework in Frameworks */ = {isa = PBXBuildFile; fileRef = 4063087A17A767460036CF14 /* OpenGLES.framework */; };
		4063087D17A7676F0036CF14 /* QuartzCore.framework in Frameworks */ = {isa = PBXBuildFile; fileRef = 4063087C17A7676F0036CF14 /* QuartzCore.framework */; };
		40D6AAE51776BA47008427C5 /* NextDayClient+Log.m in Sources */ = {isa = PBXBuildFile; fileRef = 40D6AAE41776BA47008427C5 /* NextDayClient+Log.m */; };
		40D6AAFC1776FAB7008427C5 /* NextDayClient+EnvVars.m in Sources */ = {isa = PBXBuildFile; fileRef = 40D6AAFB1776FAB7008427C5 /* NextDayClient+EnvVars.m */; };
		40D6AAFF1776FC49008427C5 /* NextDayClientEnvVars.m in Sources */ = {isa = PBXBuildFile; fileRef = 40D6AAFE1776FC49008427C5 /* NextDayClientEnvVars.m */; };
		40E0587F19499C9700B38E52 /* NextDayClientHelper.m in Sources */ = {isa = PBXBuildFile; fileRef = 40E0587E19499C9700B38E52 /* NextDayClientHelper.m */; };
		40E0588219499E9500B38E52 /* NextDayClient+Bridge.m in Sources */ = {isa = PBXBuildFile; fileRef = 40E0588019499E9500B38E52 /* NextDayClient+Bridge.m */; };
		40E0589A1949A02600B38E52 /* NCWeiboAuthentication.m in Sources */ = {isa = PBXBuildFile; fileRef = 40E058861949A02600B38E52 /* NCWeiboAuthentication.m */; };
		40E0589B1949A02600B38E52 /* NCWeiboUser.m in Sources */ = {isa = PBXBuildFile; fileRef = 40E058881949A02600B38E52 /* NCWeiboUser.m */; };
		40E0589C1949A02600B38E52 /* NCWeiboClient+Friendship.m in Sources */ = {isa = PBXBuildFile; fileRef = 40E0588C1949A02600B38E52 /* NCWeiboClient+Friendship.m */; };
		40E0589D1949A02600B38E52 /* NCWeiboClient+Status.m in Sources */ = {isa = PBXBuildFile; fileRef = 40E0588E1949A02600B38E52 /* NCWeiboClient+Status.m */; };
		40E0589E1949A02600B38E52 /* NCWeiboClient+User.m in Sources */ = {isa = PBXBuildFile; fileRef = 40E058901949A02600B38E52 /* NCWeiboClient+User.m */; };
		40E0589F1949A02600B38E52 /* NCWeiboClient+HandlerBlocks.m in Sources */ = {isa = PBXBuildFile; fileRef = 40E058921949A02600B38E52 /* NCWeiboClient+HandlerBlocks.m */; };
		40E058A01949A02600B38E52 /* NCWeiboClient.m in Sources */ = {isa = PBXBuildFile; fileRef = 40E058941949A02600B38E52 /* NCWeiboClient.m */; };
		40E058A11949A02600B38E52 /* NCWeiboWebAuthViewController.m in Sources */ = {isa = PBXBuildFile; fileRef = 40E058971949A02600B38E52 /* NCWeiboWebAuthViewController.m */; };
		40E058A21949A02600B38E52 /* NCWeiboErrorResponse.m in Sources */ = {isa = PBXBuildFile; fileRef = 40E058991949A02600B38E52 /* NCWeiboErrorResponse.m */; };
		40E058B71949A06400B38E52 /* AFHTTPClient.m in Sources */ = {isa = PBXBuildFile; fileRef = 40E058A51949A06400B38E52 /* AFHTTPClient.m */; };
		40E058B81949A06400B38E52 /* AFHTTPRequestOperation.m in Sources */ = {isa = PBXBuildFile; fileRef = 40E058A71949A06400B38E52 /* AFHTTPRequestOperation.m */; };
		40E058B91949A06400B38E52 /* AFImageRequestOperation.m in Sources */ = {isa = PBXBuildFile; fileRef = 40E058A91949A06400B38E52 /* AFImageRequestOperation.m */; };
		40E058BA1949A06400B38E52 /* AFJSONRequestOperation.m in Sources */ = {isa = PBXBuildFile; fileRef = 40E058AB1949A06400B38E52 /* AFJSONRequestOperation.m */; };
		40E058BB1949A06400B38E52 /* AFNetworkActivityIndicatorManager.m in Sources */ = {isa = PBXBuildFile; fileRef = 40E058AD1949A06400B38E52 /* AFNetworkActivityIndicatorManager.m */; };
		40E058BC1949A06400B38E52 /* AFPropertyListRequestOperation.m in Sources */ = {isa = PBXBuildFile; fileRef = 40E058B01949A06400B38E52 /* AFPropertyListRequestOperation.m */; };
		40E058BD1949A06400B38E52 /* AFURLConnectionOperation.m in Sources */ = {isa = PBXBuildFile; fileRef = 40E058B21949A06400B38E52 /* AFURLConnectionOperation.m */; };
		40E058BE1949A06400B38E52 /* AFXMLRequestOperation.m in Sources */ = {isa = PBXBuildFile; fileRef = 40E058B41949A06400B38E52 /* AFXMLRequestOperation.m */; };
		40E058BF1949A06400B38E52 /* UIImageView+AFNetworking.m in Sources */ = {isa = PBXBuildFile; fileRef = 40E058B61949A06400B38E52 /* UIImageView+AFNetworking.m */; };
		40E058C71949A10D00B38E52 /* SSKeychain.strings in Resources */ = {isa = PBXBuildFile; fileRef = 40E058C11949A10D00B38E52 /* SSKeychain.strings */; };
		40E058C81949A10D00B38E52 /* SSKeychain.m in Sources */ = {isa = PBXBuildFile; fileRef = 40E058C41949A10D00B38E52 /* SSKeychain.m */; };
		40E058C91949A10D00B38E52 /* SSKeychainQuery.m in Sources */ = {isa = PBXBuildFile; fileRef = 40E058C61949A10D00B38E52 /* SSKeychainQuery.m */; };
		40E058CF1949A88F00B38E52 /* MBProgressHUD.m in Sources */ = {isa = PBXBuildFile; fileRef = 40E058CE1949A88F00B38E52 /* MBProgressHUD.m */; };
		40EE5713176DAF310085F6C3 /* UIKit.framework in Frameworks */ = {isa = PBXBuildFile; fileRef = 40EE5712176DAF310085F6C3 /* UIKit.framework */; };
		40EE5715176DAF310085F6C3 /* Foundation.framework in Frameworks */ = {isa = PBXBuildFile; fileRef = 40EE5714176DAF310085F6C3 /* Foundation.framework */; };
		40EE5717176DAF310085F6C3 /* CoreGraphics.framework in Frameworks */ = {isa = PBXBuildFile; fileRef = 40EE5716176DAF310085F6C3 /* CoreGraphics.framework */; };
		40EE571D176DAF310085F6C3 /* InfoPlist.strings in Resources */ = {isa = PBXBuildFile; fileRef = 40EE571B176DAF310085F6C3 /* InfoPlist.strings */; };
		40EE571F176DAF310085F6C3 /* main.m in Sources */ = {isa = PBXBuildFile; fileRef = 40EE571E176DAF310085F6C3 /* main.m */; };
		40EE5723176DAF310085F6C3 /* AppDelegate.m in Sources */ = {isa = PBXBuildFile; fileRef = 40EE5722176DAF310085F6C3 /* AppDelegate.m */; };
		40EE5725176DAF310085F6C3 /* Default.png in Resources */ = {isa = PBXBuildFile; fileRef = 40EE5724176DAF310085F6C3 /* Default.png */; };
		40EE5727176DAF310085F6C3 /* Default@2x.png in Resources */ = {isa = PBXBuildFile; fileRef = 40EE5726176DAF310085F6C3 /* Default@2x.png */; };
		40EE5729176DAF310085F6C3 /* Default-568h@2x.png in Resources */ = {isa = PBXBuildFile; fileRef = 40EE5728176DAF310085F6C3 /* Default-568h@2x.png */; };
		40EE572C176DAF310085F6C3 /* ViewController.m in Sources */ = {isa = PBXBuildFile; fileRef = 40EE572B176DAF310085F6C3 /* ViewController.m */; };
		40EE572F176DAF310085F6C3 /* ViewController.xib in Resources */ = {isa = PBXBuildFile; fileRef = 40EE572D176DAF310085F6C3 /* ViewController.xib */; };
		40EE5736176DAF810085F6C3 /* README.md in Resources */ = {isa = PBXBuildFile; fileRef = 40EE5735176DAF810085F6C3 /* README.md */; };
		40EE5742176DAFDD0085F6C3 /* SRWebSocket.m in Sources */ = {isa = PBXBuildFile; fileRef = 40EE573F176DAFDD0085F6C3 /* SRWebSocket.m */; };
		40EE5745176DB0130085F6C3 /* Security.framework in Frameworks */ = {isa = PBXBuildFile; fileRef = 40EE5744176DB0130085F6C3 /* Security.framework */; };
		40EE5747176DB0180085F6C3 /* CFNetwork.framework in Frameworks */ = {isa = PBXBuildFile; fileRef = 40EE5746176DB0180085F6C3 /* CFNetwork.framework */; };
		40EE5749176DB02D0085F6C3 /* libicucore.dylib in Frameworks */ = {isa = PBXBuildFile; fileRef = 40EE5748176DB02D0085F6C3 /* libicucore.dylib */; };
		40EE574B176DB0CD0085F6C3 /* client.p12 in Resources */ = {isa = PBXBuildFile; fileRef = 40EE574A176DB0CD0085F6C3 /* client.p12 */; };
		40EE5764176F11870085F6C3 /* NextDayClient+Calendar.m in Sources */ = {isa = PBXBuildFile; fileRef = 40EE575E176F11870085F6C3 /* NextDayClient+Calendar.m */; };
		40EE5766176F11870085F6C3 /* NextDayClient.m in Sources */ = {isa = PBXBuildFile; fileRef = 40EE5762176F11870085F6C3 /* NextDayClient.m */; };
		40EE576A176F11F50085F6C3 /* NextDayClientObject.m in Sources */ = {isa = PBXBuildFile; fileRef = 40EE5769176F11F50085F6C3 /* NextDayClientObject.m */; };
		40EE576D176F12D40085F6C3 /* NextDayClientRequest.m in Sources */ = {isa = PBXBuildFile; fileRef = 40EE576C176F12D40085F6C3 /* NextDayClientRequest.m */; };
		40EE5773176F44230085F6C3 /* NextDayClient+HandlerBlocks.m in Sources */ = {isa = PBXBuildFile; fileRef = 40EE5772176F44230085F6C3 /* NextDayClient+HandlerBlocks.m */; };
/* End PBXBuildFile section */

/* Begin PBXFileReference section */
		403413991793FBA8005BC48B /* NextDayClient+Outbox.m */ = {isa = PBXFileReference; fileEncoding = 4; lastKnownFileType = sourcecode.c.objc; path = "NextDayClient+Outbox.m"; sourceTree = "<group>"; };
		4034139A1793FBA8005BC48B /* NextDayClient+Outbox.h */ = {isa = PBXFileReference; fileEncoding = 4; lastKnownFileType = sourcecode.c.h; path = "NextDayClient+Outbox.h"; sourceTree = "<group>"; };
		403413BF1793FBE4005BC48B /* NextDayClientGiftReceiver.m */ = {isa = PBXFileReference; fileEncoding = 4; lastKnownFileType = sourcecode.c.objc; path = NextDayClientGiftReceiver.m; sourceTree = "<group>"; };
		403413C01793FBE4005BC48B /* NextDayClientGiftData.m */ = {isa = PBXFileReference; fileEncoding = 4; lastKnownFileType = sourcecode.c.objc; path = NextDayClientGiftData.m; sourceTree = "<group>"; };
		403413C11793FBE4005BC48B /* NextDayClientGiftData.h */ = {isa = PBXFileReference; fileEncoding = 4; lastKnownFileType = sourcecode.c.h; path = NextDayClientGiftData.h; sourceTree = "<group>"; };
		403413C21793FBE4005BC48B /* NextDayClientGiftReceiver.h */ = {isa = PBXFileReference; fileEncoding = 4; lastKnownFileType = sourcecode.c.h; path = NextDayClientGiftReceiver.h; sourceTree = "<group>"; };
		4045271317C33F03007BC2E5 /* NextDayClient+Users.h */ = {isa = PBXFileReference; fileEncoding = 4; lastKnownFileType = sourcecode.c.h; path = "NextDayClient+Users.h"; sourceTree = "<group>"; };
		4045271417C33F03007BC2E5 /* NextDayClient+Users.m */ = {isa = PBXFileReference; fileEncoding = 4; lastKnownFileType = sourcecode.c.objc; path = "NextDayClient+Users.m"; sourceTree = "<group>"; };
		4045271617C33F2E007BC2E5 /* NextDayClient+Consts.h */ = {isa = PBXFileReference; fileEncoding = 4; lastKnownFileType = sourcecode.c.h; path = "NextDayClient+Consts.h"; sourceTree = "<group>"; };
		4045271717C33F2E007BC2E5 /* NextDayClient+Consts.m */ = {isa = PBXFileReference; fileEncoding = 4; lastKnownFileType = sourcecode.c.objc; path = "NextDayClient+Consts.m"; sourceTree = "<group>"; };
		4063084717A7611D0036CF14 /* NextDayClient+Inbox.m */ = {isa = PBXFileReference; fileEncoding = 4; lastKnownFileType = sourcecode.c.objc; path = "NextDayClient+Inbox.m"; sourceTree = "<group>"; };
		4063084817A7611D0036CF14 /* NextDayClient+Inbox.h */ = {isa = PBXFileReference; fileEncoding = 4; lastKnownFileType = sourcecode.c.h; path = "NextDayClient+Inbox.h"; sourceTree = "<group>"; };
		4063087417A7671E0036CF14 /* AVFoundation.framework */ = {isa = PBXFileReference; lastKnownFileType = wrapper.framework; name = AVFoundation.framework; path = System/Library/Frameworks/AVFoundation.framework; sourceTree = SDKROOT; };
		4063087617A7672D0036CF14 /* CoreMedia.framework */ = {isa = PBXFileReference; lastKnownFileType = wrapper.framework; name = CoreMedia.framework; path = System/Library/Frameworks/CoreMedia.framework; sourceTree = SDKROOT; };
		4063087817A767380036CF14 /* CoreVideo.framework */ = {isa = PBXFileReference; lastKnownFileType = wrapper.framework; name = CoreVideo.framework; path = System/Library/Frameworks/CoreVideo.framework; sourceTree = SDKROOT; };
		4063087A17A767460036CF14 /* OpenGLES.framework */ = {isa = PBXFileReference; lastKnownFileType = wrapper.framework; name = OpenGLES.framework; path = System/Library/Frameworks/OpenGLES.framework; sourceTree = SDKROOT; };
		4063087C17A7676F0036CF14 /* QuartzCore.framework */ = {isa = PBXFileReference; lastKnownFileType = wrapper.framework; name = QuartzCore.framework; path = System/Library/Frameworks/QuartzCore.framework; sourceTree = SDKROOT; };
		40D6AAE31776BA47008427C5 /* NextDayClient+Log.h */ = {isa = PBXFileReference; fileEncoding = 4; lastKnownFileType = sourcecode.c.h; path = "NextDayClient+Log.h"; sourceTree = "<group>"; };
		40D6AAE41776BA47008427C5 /* NextDayClient+Log.m */ = {isa = PBXFileReference; fileEncoding = 4; lastKnownFileType = sourcecode.c.objc; path = "NextDayClient+Log.m"; sourceTree = "<group>"; };
		40D6AAFA1776FAB7008427C5 /* NextDayClient+EnvVars.h */ = {isa = PBXFileReference; fileEncoding = 4; lastKnownFileType = sourcecode.c.h; path = "NextDayClient+EnvVars.h"; sourceTree = "<group>"; };
		40D6AAFB1776FAB7008427C5 /* NextDayClient+EnvVars.m */ = {isa = PBXFileReference; fileEncoding = 4; lastKnownFileType = sourcecode.c.objc; path = "NextDayClient+EnvVars.m"; sourceTree = "<group>"; };
		40D6AAFD1776FC49008427C5 /* NextDayClientEnvVars.h */ = {isa = PBXFileReference; fileEncoding = 4; lastKnownFileType = sourcecode.c.h; path = NextDayClientEnvVars.h; sourceTree = "<group>"; };
		40D6AAFE1776FC49008427C5 /* NextDayClientEnvVars.m */ = {isa = PBXFileReference; fileEncoding = 4; lastKnownFileType = sourcecode.c.objc; path = NextDayClientEnvVars.m; sourceTree = "<group>"; };
		40E0587D19499C9700B38E52 /* NextDayClientHelper.h */ = {isa = PBXFileReference; fileEncoding = 4; lastKnownFileType = sourcecode.c.h; path = NextDayClientHelper.h; sourceTree = "<group>"; };
		40E0587E19499C9700B38E52 /* NextDayClientHelper.m */ = {isa = PBXFileReference; fileEncoding = 4; lastKnownFileType = sourcecode.c.objc; path = NextDayClientHelper.m; sourceTree = "<group>"; };
		40E0588019499E9500B38E52 /* NextDayClient+Bridge.m */ = {isa = PBXFileReference; fileEncoding = 4; lastKnownFileType = sourcecode.c.objc; path = "NextDayClient+Bridge.m"; sourceTree = "<group>"; };
		40E0588119499E9500B38E52 /* NextDayClient+Bridge.h */ = {isa = PBXFileReference; fileEncoding = 4; lastKnownFileType = sourcecode.c.h; path = "NextDayClient+Bridge.h"; sourceTree = "<group>"; };
		40E058851949A02600B38E52 /* NCWeiboAuthentication.h */ = {isa = PBXFileReference; fileEncoding = 4; lastKnownFileType = sourcecode.c.h; path = NCWeiboAuthentication.h; sourceTree = "<group>"; };
		40E058861949A02600B38E52 /* NCWeiboAuthentication.m */ = {isa = PBXFileReference; fileEncoding = 4; lastKnownFileType = sourcecode.c.objc; path = NCWeiboAuthentication.m; sourceTree = "<group>"; };
		40E058871949A02600B38E52 /* NCWeiboUser.h */ = {isa = PBXFileReference; fileEncoding = 4; lastKnownFileType = sourcecode.c.h; path = NCWeiboUser.h; sourceTree = "<group>"; };
		40E058881949A02600B38E52 /* NCWeiboUser.m */ = {isa = PBXFileReference; fileEncoding = 4; lastKnownFileType = sourcecode.c.objc; path = NCWeiboUser.m; sourceTree = "<group>"; };
		40E0588B1949A02600B38E52 /* NCWeiboClient+Friendship.h */ = {isa = PBXFileReference; fileEncoding = 4; lastKnownFileType = sourcecode.c.h; path = "NCWeiboClient+Friendship.h"; sourceTree = "<group>"; };
		40E0588C1949A02600B38E52 /* NCWeiboClient+Friendship.m */ = {isa = PBXFileReference; fileEncoding = 4; lastKnownFileType = sourcecode.c.objc; path = "NCWeiboClient+Friendship.m"; sourceTree = "<group>"; };
		40E0588D1949A02600B38E52 /* NCWeiboClient+Status.h */ = {isa = PBXFileReference; fileEncoding = 4; lastKnownFileType = sourcecode.c.h; path = "NCWeiboClient+Status.h"; sourceTree = "<group>"; };
		40E0588E1949A02600B38E52 /* NCWeiboClient+Status.m */ = {isa = PBXFileReference; fileEncoding = 4; lastKnownFileType = sourcecode.c.objc; path = "NCWeiboClient+Status.m"; sourceTree = "<group>"; };
		40E0588F1949A02600B38E52 /* NCWeiboClient+User.h */ = {isa = PBXFileReference; fileEncoding = 4; lastKnownFileType = sourcecode.c.h; path = "NCWeiboClient+User.h"; sourceTree = "<group>"; };
		40E058901949A02600B38E52 /* NCWeiboClient+User.m */ = {isa = PBXFileReference; fileEncoding = 4; lastKnownFileType = sourcecode.c.objc; path = "NCWeiboClient+User.m"; sourceTree = "<group>"; };
		40E058911949A02600B38E52 /* NCWeiboClient+HandlerBlocks.h */ = {isa = PBXFileReference; fileEncoding = 4; lastKnownFileType = sourcecode.c.h; path = "NCWeiboClient+HandlerBlocks.h"; sourceTree = "<group>"; };
		40E058921949A02600B38E52 /* NCWeiboClient+HandlerBlocks.m */ = {isa = PBXFileReference; fileEncoding = 4; lastKnownFileType = sourcecode.c.objc; path = "NCWeiboClient+HandlerBlocks.m"; sourceTree = "<group>"; };
		40E058931949A02600B38E52 /* NCWeiboClient.h */ = {isa = PBXFileReference; fileEncoding = 4; lastKnownFileType = sourcecode.c.h; path = NCWeiboClient.h; sourceTree = "<group>"; };
		40E058941949A02600B38E52 /* NCWeiboClient.m */ = {isa = PBXFileReference; fileEncoding = 4; lastKnownFileType = sourcecode.c.objc; path = NCWeiboClient.m; sourceTree = "<group>"; };
		40E058951949A02600B38E52 /* NCWeiboClientConfig.h */ = {isa = PBXFileReference; fileEncoding = 4; lastKnownFileType = sourcecode.c.h; path = NCWeiboClientConfig.h; sourceTree = "<group>"; };
		40E058961949A02600B38E52 /* NCWeiboWebAuthViewController.h */ = {isa = PBXFileReference; fileEncoding = 4; lastKnownFileType = sourcecode.c.h; path = NCWeiboWebAuthViewController.h; sourceTree = "<group>"; };
		40E058971949A02600B38E52 /* NCWeiboWebAuthViewController.m */ = {isa = PBXFileReference; fileEncoding = 4; lastKnownFileType = sourcecode.c.objc; path = NCWeiboWebAuthViewController.m; sourceTree = "<group>"; };
		40E058981949A02600B38E52 /* NCWeiboErrorResponse.h */ = {isa = PBXFileReference; fileEncoding = 4; lastKnownFileType = sourcecode.c.h; path = NCWeiboErrorResponse.h; sourceTree = "<group>"; };
		40E058991949A02600B38E52 /* NCWeiboErrorResponse.m */ = {isa = PBXFileReference; fileEncoding = 4; lastKnownFileType = sourcecode.c.objc; path = NCWeiboErrorResponse.m; sourceTree = "<group>"; };
		40E058A41949A06400B38E52 /* AFHTTPClient.h */ = {isa = PBXFileReference; fileEncoding = 4; lastKnownFileType = sourcecode.c.h; path = AFHTTPClient.h; sourceTree = "<group>"; };
		40E058A51949A06400B38E52 /* AFHTTPClient.m */ = {isa = PBXFileReference; fileEncoding = 4; lastKnownFileType = sourcecode.c.objc; path = AFHTTPClient.m; sourceTree = "<group>"; };
		40E058A61949A06400B38E52 /* AFHTTPRequestOperation.h */ = {isa = PBXFileReference; fileEncoding = 4; lastKnownFileType = sourcecode.c.h; path = AFHTTPRequestOperation.h; sourceTree = "<group>"; };
		40E058A71949A06400B38E52 /* AFHTTPRequestOperation.m */ = {isa = PBXFileReference; fileEncoding = 4; lastKnownFileType = sourcecode.c.objc; path = AFHTTPRequestOperation.m; sourceTree = "<group>"; };
		40E058A81949A06400B38E52 /* AFImageRequestOperation.h */ = {isa = PBXFileReference; fileEncoding = 4; lastKnownFileType = sourcecode.c.h; path = AFImageRequestOperation.h; sourceTree = "<group>"; };
		40E058A91949A06400B38E52 /* AFImageRequestOperation.m */ = {isa = PBXFileReference; fileEncoding = 4; lastKnownFileType = sourcecode.c.objc; path = AFImageRequestOperation.m; sourceTree = "<group>"; };
		40E058AA1949A06400B38E52 /* AFJSONRequestOperation.h */ = {isa = PBXFileReference; fileEncoding = 4; lastKnownFileType = sourcecode.c.h; path = AFJSONRequestOperation.h; sourceTree = "<group>"; };
		40E058AB1949A06400B38E52 /* AFJSONRequestOperation.m */ = {isa = PBXFileReference; fileEncoding = 4; lastKnownFileType = sourcecode.c.objc; path = AFJSONRequestOperation.m; sourceTree = "<group>"; };
		40E058AC1949A06400B38E52 /* AFNetworkActivityIndicatorManager.h */ = {isa = PBXFileReference; fileEncoding = 4; lastKnownFileType = sourcecode.c.h; path = AFNetworkActivityIndicatorManager.h; sourceTree = "<group>"; };
		40E058AD1949A06400B38E52 /* AFNetworkActivityIndicatorManager.m */ = {isa = PBXFileReference; fileEncoding = 4; lastKnownFileType = sourcecode.c.objc; path = AFNetworkActivityIndicatorManager.m; sourceTree = "<group>"; };
		40E058AE1949A06400B38E52 /* AFNetworking.h */ = {isa = PBXFileReference; fileEncoding = 4; lastKnownFileType = sourcecode.c.h; path = AFNetworking.h; sourceTree = "<group>"; };
		40E058AF1949A06400B38E52 /* AFPropertyListRequestOperation.h */ = {isa = PBXFileReference; fileEncoding = 4; lastKnownFileType = sourcecode.c.h; path = AFPropertyListRequestOperation.h; sourceTree = "<group>"; };
		40E058B01949A06400B38E52 /* AFPropertyListRequestOperation.m */ = {isa = PBXFileReference; fileEncoding = 4; lastKnownFileType = sourcecode.c.objc; path = AFPropertyListRequestOperation.m; sourceTree = "<group>"; };
		40E058B11949A06400B38E52 /* AFURLConnectionOperation.h */ = {isa = PBXFileReference; fileEncoding = 4; lastKnownFileType = sourcecode.c.h; path = AFURLConnectionOperation.h; sourceTree = "<group>"; };
		40E058B21949A06400B38E52 /* AFURLConnectionOperation.m */ = {isa = PBXFileReference; fileEncoding = 4; lastKnownFileType = sourcecode.c.objc; path = AFURLConnectionOperation.m; sourceTree = "<group>"; };
		40E058B31949A06400B38E52 /* AFXMLRequestOperation.h */ = {isa = PBXFileReference; fileEncoding = 4; lastKnownFileType = sourcecode.c.h; path = AFXMLRequestOperation.h; sourceTree = "<group>"; };
		40E058B41949A06400B38E52 /* AFXMLRequestOperation.m */ = {isa = PBXFileReference; fileEncoding = 4; lastKnownFileType = sourcecode.c.objc; path = AFXMLRequestOperation.m; sourceTree = "<group>"; };
		40E058B51949A06400B38E52 /* UIImageView+AFNetworking.h */ = {isa = PBXFileReference; fileEncoding = 4; lastKnownFileType = sourcecode.c.h; path = "UIImageView+AFNetworking.h"; sourceTree = "<group>"; };
		40E058B61949A06400B38E52 /* UIImageView+AFNetworking.m */ = {isa = PBXFileReference; fileEncoding = 4; lastKnownFileType = sourcecode.c.objc; path = "UIImageView+AFNetworking.m"; sourceTree = "<group>"; };
		40E058C21949A10D00B38E52 /* en */ = {isa = PBXFileReference; lastKnownFileType = text.plist.strings; name = en; path = en.lproj/SSKeychain.strings; sourceTree = "<group>"; };
		40E058C31949A10D00B38E52 /* SSKeychain.h */ = {isa = PBXFileReference; fileEncoding = 4; lastKnownFileType = sourcecode.c.h; path = SSKeychain.h; sourceTree = "<group>"; };
		40E058C41949A10D00B38E52 /* SSKeychain.m */ = {isa = PBXFileReference; fileEncoding = 4; lastKnownFileType = sourcecode.c.objc; path = SSKeychain.m; sourceTree = "<group>"; };
		40E058C51949A10D00B38E52 /* SSKeychainQuery.h */ = {isa = PBXFileReference; fileEncoding = 4; lastKnownFileType = sourcecode.c.h; path = SSKeychainQuery.h; sourceTree = "<group>"; };
		40E058C61949A10D00B38E52 /* SSKeychainQuery.m */ = {isa = PBXFileReference; fileEncoding = 4; lastKnownFileType = sourcecode.c.objc; path = SSKeychainQuery.m; sourceTree = "<group>"; };
		40E058CD1949A88F00B38E52 /* MBProgressHUD.h */ = {isa = PBXFileReference; fileEncoding = 4; lastKnownFileType = sourcecode.c.h; name = MBProgressHUD.h; path = ../../../MBProgressHUD_Official/MBProgressHUD.h; sourceTree = "<group>"; };
		40E058CE1949A88F00B38E52 /* MBProgressHUD.m */ = {isa = PBXFileReference; fileEncoding = 4; lastKnownFileType = sourcecode.c.objc; name = MBProgressHUD.m; path = ../../../MBProgressHUD_Official/MBProgressHUD.m; sourceTree = "<group>"; };
		40EE570F176DAF310085F6C3 /* Example.app */ = {isa = PBXFileReference; explicitFileType = wrapper.application; includeInIndex = 0; path = Example.app; sourceTree = BUILT_PRODUCTS_DIR; };
		40EE5712176DAF310085F6C3 /* UIKit.framework */ = {isa = PBXFileReference; lastKnownFileType = wrapper.framework; name = UIKit.framework; path = System/Library/Frameworks/UIKit.framework; sourceTree = SDKROOT; };
		40EE5714176DAF310085F6C3 /* Foundation.framework */ = {isa = PBXFileReference; lastKnownFileType = wrapper.framework; name = Foundation.framework; path = System/Library/Frameworks/Foundation.framework; sourceTree = SDKROOT; };
		40EE5716176DAF310085F6C3 /* CoreGraphics.framework */ = {isa = PBXFileReference; lastKnownFileType = wrapper.framework; name = CoreGraphics.framework; path = System/Library/Frameworks/CoreGraphics.framework; sourceTree = SDKROOT; };
		40EE571A176DAF310085F6C3 /* Example-Info.plist */ = {isa = PBXFileReference; lastKnownFileType = text.plist.xml; path = "Example-Info.plist"; sourceTree = "<group>"; };
		40EE571C176DAF310085F6C3 /* en */ = {isa = PBXFileReference; lastKnownFileType = text.plist.strings; name = en; path = en.lproj/InfoPlist.strings; sourceTree = "<group>"; };
		40EE571E176DAF310085F6C3 /* main.m */ = {isa = PBXFileReference; lastKnownFileType = sourcecode.c.objc; path = main.m; sourceTree = "<group>"; };
		40EE5720176DAF310085F6C3 /* Example-Prefix.pch */ = {isa = PBXFileReference; lastKnownFileType = sourcecode.c.h; path = "Example-Prefix.pch"; sourceTree = "<group>"; };
		40EE5721176DAF310085F6C3 /* AppDelegate.h */ = {isa = PBXFileReference; lastKnownFileType = sourcecode.c.h; path = AppDelegate.h; sourceTree = "<group>"; };
		40EE5722176DAF310085F6C3 /* AppDelegate.m */ = {isa = PBXFileReference; lastKnownFileType = sourcecode.c.objc; path = AppDelegate.m; sourceTree = "<group>"; };
		40EE5724176DAF310085F6C3 /* Default.png */ = {isa = PBXFileReference; lastKnownFileType = image.png; path = Default.png; sourceTree = "<group>"; };
		40EE5726176DAF310085F6C3 /* Default@2x.png */ = {isa = PBXFileReference; lastKnownFileType = image.png; path = "Default@2x.png"; sourceTree = "<group>"; };
		40EE5728176DAF310085F6C3 /* Default-568h@2x.png */ = {isa = PBXFileReference; lastKnownFileType = image.png; path = "Default-568h@2x.png"; sourceTree = "<group>"; };
		40EE572A176DAF310085F6C3 /* ViewController.h */ = {isa = PBXFileReference; lastKnownFileType = sourcecode.c.h; path = ViewController.h; sourceTree = "<group>"; };
		40EE572B176DAF310085F6C3 /* ViewController.m */ = {isa = PBXFileReference; lastKnownFileType = sourcecode.c.objc; path = ViewController.m; sourceTree = "<group>"; };
		40EE572E176DAF310085F6C3 /* en */ = {isa = PBXFileReference; lastKnownFileType = file.xib; name = en; path = en.lproj/ViewController.xib; sourceTree = "<group>"; };
		40EE5735176DAF810085F6C3 /* README.md */ = {isa = PBXFileReference; fileEncoding = 4; lastKnownFileType = text; name = README.md; path = ../../README.md; sourceTree = "<group>"; };
		40EE573D176DAFDD0085F6C3 /* SocketRocket-Prefix.pch */ = {isa = PBXFileReference; fileEncoding = 4; lastKnownFileType = sourcecode.c.h; path = "SocketRocket-Prefix.pch"; sourceTree = "<group>"; };
		40EE573E176DAFDD0085F6C3 /* SRWebSocket.h */ = {isa = PBXFileReference; fileEncoding = 4; lastKnownFileType = sourcecode.c.h; path = SRWebSocket.h; sourceTree = "<group>"; };
		40EE573F176DAFDD0085F6C3 /* SRWebSocket.m */ = {isa = PBXFileReference; fileEncoding = 4; lastKnownFileType = sourcecode.c.objc; path = SRWebSocket.m; sourceTree = "<group>"; };
		40EE5744176DB0130085F6C3 /* Security.framework */ = {isa = PBXFileReference; lastKnownFileType = wrapper.framework; name = Security.framework; path = System/Library/Frameworks/Security.framework; sourceTree = SDKROOT; };
		40EE5746176DB0180085F6C3 /* CFNetwork.framework */ = {isa = PBXFileReference; lastKnownFileType = wrapper.framework; name = CFNetwork.framework; path = System/Library/Frameworks/CFNetwork.framework; sourceTree = SDKROOT; };
		40EE5748176DB02D0085F6C3 /* libicucore.dylib */ = {isa = PBXFileReference; lastKnownFileType = "compiled.mach-o.dylib"; name = libicucore.dylib; path = usr/lib/libicucore.dylib; sourceTree = SDKROOT; };
		40EE574A176DB0CD0085F6C3 /* client.p12 */ = {isa = PBXFileReference; lastKnownFileType = file; path = client.p12; sourceTree = "<group>"; };
		40EE575D176F11870085F6C3 /* NextDayClient+Calendar.h */ = {isa = PBXFileReference; fileEncoding = 4; lastKnownFileType = sourcecode.c.h; path = "NextDayClient+Calendar.h"; sourceTree = "<group>"; };
		40EE575E176F11870085F6C3 /* NextDayClient+Calendar.m */ = {isa = PBXFileReference; fileEncoding = 4; lastKnownFileType = sourcecode.c.objc; path = "NextDayClient+Calendar.m"; sourceTree = "<group>"; };
		40EE5761176F11870085F6C3 /* NextDayClient.h */ = {isa = PBXFileReference; fileEncoding = 4; lastKnownFileType = sourcecode.c.h; path = NextDayClient.h; sourceTree = "<group>"; };
		40EE5762176F11870085F6C3 /* NextDayClient.m */ = {isa = PBXFileReference; fileEncoding = 4; lastKnownFileType = sourcecode.c.objc; path = NextDayClient.m; sourceTree = "<group>"; };
		40EE5763176F11870085F6C3 /* NextDayClientConfig.h */ = {isa = PBXFileReference; fileEncoding = 4; lastKnownFileType = sourcecode.c.h; path = NextDayClientConfig.h; sourceTree = "<group>"; };
		40EE5768176F11F50085F6C3 /* NextDayClientObject.h */ = {isa = PBXFileReference; fileEncoding = 4; lastKnownFileType = sourcecode.c.h; path = NextDayClientObject.h; sourceTree = "<group>"; };
		40EE5769176F11F50085F6C3 /* NextDayClientObject.m */ = {isa = PBXFileReference; fileEncoding = 4; lastKnownFileType = sourcecode.c.objc; path = NextDayClientObject.m; sourceTree = "<group>"; };
		40EE576B176F12D40085F6C3 /* NextDayClientRequest.h */ = {isa = PBXFileReference; fileEncoding = 4; lastKnownFileType = sourcecode.c.h; path = NextDayClientRequest.h; sourceTree = "<group>"; };
		40EE576C176F12D40085F6C3 /* NextDayClientRequest.m */ = {isa = PBXFileReference; fileEncoding = 4; lastKnownFileType = sourcecode.c.objc; path = NextDayClientRequest.m; sourceTree = "<group>"; };
		40EE5771176F44230085F6C3 /* NextDayClient+HandlerBlocks.h */ = {isa = PBXFileReference; fileEncoding = 4; lastKnownFileType = sourcecode.c.h; path = "NextDayClient+HandlerBlocks.h"; sourceTree = "<group>"; };
		40EE5772176F44230085F6C3 /* NextDayClient+HandlerBlocks.m */ = {isa = PBXFileReference; fileEncoding = 4; lastKnownFileType = sourcecode.c.objc; path = "NextDayClient+HandlerBlocks.m"; sourceTree = "<group>"; };
/* End PBXFileReference section */

/* Begin PBXFrameworksBuildPhase section */
		40EE570C176DAF310085F6C3 /* Frameworks */ = {
			isa = PBXFrameworksBuildPhase;
			buildActionMask = 2147483647;
			files = (
				4063087D17A7676F0036CF14 /* QuartzCore.framework in Frameworks */,
				4063087B17A767460036CF14 /* OpenGLES.framework in Frameworks */,
				4063087917A767380036CF14 /* CoreVideo.framework in Frameworks */,
				4063087717A7672D0036CF14 /* CoreMedia.framework in Frameworks */,
				4063087517A7671E0036CF14 /* AVFoundation.framework in Frameworks */,
				40EE5749176DB02D0085F6C3 /* libicucore.dylib in Frameworks */,
				40EE5747176DB0180085F6C3 /* CFNetwork.framework in Frameworks */,
				40EE5745176DB0130085F6C3 /* Security.framework in Frameworks */,
				40EE5713176DAF310085F6C3 /* UIKit.framework in Frameworks */,
				40EE5715176DAF310085F6C3 /* Foundation.framework in Frameworks */,
				40EE5717176DAF310085F6C3 /* CoreGraphics.framework in Frameworks */,
			);
			runOnlyForDeploymentPostprocessing = 0;
		};
/* End PBXFrameworksBuildPhase section */

/* Begin PBXGroup section */
		40E0587C19499C5400B38E52 /* Helper */ = {
			isa = PBXGroup;
			children = (
				40E0587D19499C9700B38E52 /* NextDayClientHelper.h */,
				40E0587E19499C9700B38E52 /* NextDayClientHelper.m */,
			);
			path = Helper;
			sourceTree = "<group>";
		};
		40E058831949A02600B38E52 /* NCWeibo */ = {
			isa = PBXGroup;
			children = (
				40E058841949A02600B38E52 /* Model */,
				40E058891949A02600B38E52 /* NCWeiboClient */,
				40E058981949A02600B38E52 /* NCWeiboErrorResponse.h */,
				40E058991949A02600B38E52 /* NCWeiboErrorResponse.m */,
			);
			name = NCWeibo;
			path = ../../../NCWeibo/NCWeibo;
			sourceTree = "<group>";
		};
		40E058841949A02600B38E52 /* Model */ = {
			isa = PBXGroup;
			children = (
				40E058851949A02600B38E52 /* NCWeiboAuthentication.h */,
				40E058861949A02600B38E52 /* NCWeiboAuthentication.m */,
				40E058871949A02600B38E52 /* NCWeiboUser.h */,
				40E058881949A02600B38E52 /* NCWeiboUser.m */,
			);
			path = Model;
			sourceTree = "<group>";
		};
		40E058891949A02600B38E52 /* NCWeiboClient */ = {
			isa = PBXGroup;
			children = (
				40E0588A1949A02600B38E52 /* API */,
				40E058911949A02600B38E52 /* NCWeiboClient+HandlerBlocks.h */,
				40E058921949A02600B38E52 /* NCWeiboClient+HandlerBlocks.m */,
				40E058931949A02600B38E52 /* NCWeiboClient.h */,
				40E058941949A02600B38E52 /* NCWeiboClient.m */,
				40E058951949A02600B38E52 /* NCWeiboClientConfig.h */,
				40E058961949A02600B38E52 /* NCWeiboWebAuthViewController.h */,
				40E058971949A02600B38E52 /* NCWeiboWebAuthViewController.m */,
			);
			path = NCWeiboClient;
			sourceTree = "<group>";
		};
		40E0588A1949A02600B38E52 /* API */ = {
			isa = PBXGroup;
			children = (
				40E0588B1949A02600B38E52 /* NCWeiboClient+Friendship.h */,
				40E0588C1949A02600B38E52 /* NCWeiboClient+Friendship.m */,
				40E0588D1949A02600B38E52 /* NCWeiboClient+Status.h */,
				40E0588E1949A02600B38E52 /* NCWeiboClient+Status.m */,
				40E0588F1949A02600B38E52 /* NCWeiboClient+User.h */,
				40E058901949A02600B38E52 /* NCWeiboClient+User.m */,
			);
			path = API;
			sourceTree = "<group>";
		};
		40E058A31949A06400B38E52 /* AFNetworking */ = {
			isa = PBXGroup;
			children = (
				40E058A41949A06400B38E52 /* AFHTTPClient.h */,
				40E058A51949A06400B38E52 /* AFHTTPClient.m */,
				40E058A61949A06400B38E52 /* AFHTTPRequestOperation.h */,
				40E058A71949A06400B38E52 /* AFHTTPRequestOperation.m */,
				40E058A81949A06400B38E52 /* AFImageRequestOperation.h */,
				40E058A91949A06400B38E52 /* AFImageRequestOperation.m */,
				40E058AA1949A06400B38E52 /* AFJSONRequestOperation.h */,
				40E058AB1949A06400B38E52 /* AFJSONRequestOperation.m */,
				40E058AC1949A06400B38E52 /* AFNetworkActivityIndicatorManager.h */,
				40E058AD1949A06400B38E52 /* AFNetworkActivityIndicatorManager.m */,
				40E058AE1949A06400B38E52 /* AFNetworking.h */,
				40E058AF1949A06400B38E52 /* AFPropertyListRequestOperation.h */,
				40E058B01949A06400B38E52 /* AFPropertyListRequestOperation.m */,
				40E058B11949A06400B38E52 /* AFURLConnectionOperation.h */,
				40E058B21949A06400B38E52 /* AFURLConnectionOperation.m */,
				40E058B31949A06400B38E52 /* AFXMLRequestOperation.h */,
				40E058B41949A06400B38E52 /* AFXMLRequestOperation.m */,
				40E058B51949A06400B38E52 /* UIImageView+AFNetworking.h */,
				40E058B61949A06400B38E52 /* UIImageView+AFNetworking.m */,
			);
			name = AFNetworking;
			path = ../../../AFNetworking/AFNetworking;
			sourceTree = "<group>";
		};
		40E058C01949A10D00B38E52 /* SSKeychain */ = {
			isa = PBXGroup;
			children = (
				40E058C11949A10D00B38E52 /* SSKeychain.strings */,
				40E058C31949A10D00B38E52 /* SSKeychain.h */,
				40E058C41949A10D00B38E52 /* SSKeychain.m */,
				40E058C51949A10D00B38E52 /* SSKeychainQuery.h */,
				40E058C61949A10D00B38E52 /* SSKeychainQuery.m */,
			);
			name = SSKeychain;
			path = ../../../sskeychain/SSKeychain;
			sourceTree = "<group>";
		};
		40EE5706176DAF310085F6C3 = {
			isa = PBXGroup;
			children = (
				4063087C17A7676F0036CF14 /* QuartzCore.framework */,
				4063087A17A767460036CF14 /* OpenGLES.framework */,
				4063087817A767380036CF14 /* CoreVideo.framework */,
				4063087617A7672D0036CF14 /* CoreMedia.framework */,
				4063087417A7671E0036CF14 /* AVFoundation.framework */,
				40EE5718176DAF310085F6C3 /* Example */,
				40EE5711176DAF310085F6C3 /* Frameworks */,
				40EE5710176DAF310085F6C3 /* Products */,
			);
			sourceTree = "<group>";
		};
		40EE5710176DAF310085F6C3 /* Products */ = {
			isa = PBXGroup;
			children = (
				40EE570F176DAF310085F6C3 /* Example.app */,
			);
			name = Products;
			sourceTree = "<group>";
		};
		40EE5711176DAF310085F6C3 /* Frameworks */ = {
			isa = PBXGroup;
			children = (
				40EE5748176DB02D0085F6C3 /* libicucore.dylib */,
				40EE5746176DB0180085F6C3 /* CFNetwork.framework */,
				40EE5744176DB0130085F6C3 /* Security.framework */,
				40EE5712176DAF310085F6C3 /* UIKit.framework */,
				40EE5714176DAF310085F6C3 /* Foundation.framework */,
				40EE5716176DAF310085F6C3 /* CoreGraphics.framework */,
			);
			name = Frameworks;
			sourceTree = "<group>";
		};
		40EE5718176DAF310085F6C3 /* Example */ = {
			isa = PBXGroup;
			children = (
				40EE5759176F11870085F6C3 /* NextDayKit */,
				40EE5721176DAF310085F6C3 /* AppDelegate.h */,
				40EE5722176DAF310085F6C3 /* AppDelegate.m */,
				40EE572A176DAF310085F6C3 /* ViewController.h */,
				40EE572B176DAF310085F6C3 /* ViewController.m */,
				40EE572D176DAF310085F6C3 /* ViewController.xib */,
				40EE5767176F11930085F6C3 /* Resources */,
				40EE5743176DAFE80085F6C3 /* Vendor */,
				40EE5719176DAF310085F6C3 /* Supporting Files */,
			);
			path = Example;
			sourceTree = "<group>";
		};
		40EE5719176DAF310085F6C3 /* Supporting Files */ = {
			isa = PBXGroup;
			children = (
				40EE5735176DAF810085F6C3 /* README.md */,
				40EE571A176DAF310085F6C3 /* Example-Info.plist */,
				40EE571B176DAF310085F6C3 /* InfoPlist.strings */,
				40EE571E176DAF310085F6C3 /* main.m */,
				40EE5720176DAF310085F6C3 /* Example-Prefix.pch */,
				40EE5724176DAF310085F6C3 /* Default.png */,
				40EE5726176DAF310085F6C3 /* Default@2x.png */,
				40EE5728176DAF310085F6C3 /* Default-568h@2x.png */,
			);
			name = "Supporting Files";
			sourceTree = "<group>";
		};
		40EE5738176DAFDD0085F6C3 /* SocketRocket */ = {
			isa = PBXGroup;
			children = (
				40EE573D176DAFDD0085F6C3 /* SocketRocket-Prefix.pch */,
				40EE573E176DAFDD0085F6C3 /* SRWebSocket.h */,
				40EE573F176DAFDD0085F6C3 /* SRWebSocket.m */,
			);
			name = SocketRocket;
			path = ../../../SocketRocket/SocketRocket;
			sourceTree = "<group>";
		};
		40EE5743176DAFE80085F6C3 /* Vendor */ = {
			isa = PBXGroup;
			children = (
				40E058CD1949A88F00B38E52 /* MBProgressHUD.h */,
				40E058CE1949A88F00B38E52 /* MBProgressHUD.m */,
				40E058C01949A10D00B38E52 /* SSKeychain */,
				40E058A31949A06400B38E52 /* AFNetworking */,
				40E058831949A02600B38E52 /* NCWeibo */,
				40EE5738176DAFDD0085F6C3 /* SocketRocket */,
			);
			name = Vendor;
			sourceTree = "<group>";
		};
		40EE5759176F11870085F6C3 /* NextDayKit */ = {
			isa = PBXGroup;
			children = (
				40EE575B176F11870085F6C3 /* NextDayClient */,
				40EE575A176F11870085F6C3 /* Model */,
				40E0587C19499C5400B38E52 /* Helper */,
				40EE5763176F11870085F6C3 /* NextDayClientConfig.h */,
			);
			name = NextDayKit;
			path = ../../NextDayKit;
			sourceTree = "<group>";
		};
		40EE575A176F11870085F6C3 /* Model */ = {
			isa = PBXGroup;
			children = (
				40EE5768176F11F50085F6C3 /* NextDayClientObject.h */,
				40EE5769176F11F50085F6C3 /* NextDayClientObject.m */,
				40EE576B176F12D40085F6C3 /* NextDayClientRequest.h */,
				40EE576C176F12D40085F6C3 /* NextDayClientRequest.m */,
				40D6AAFD1776FC49008427C5 /* NextDayClientEnvVars.h */,
				40D6AAFE1776FC49008427C5 /* NextDayClientEnvVars.m */,
				403413C11793FBE4005BC48B /* NextDayClientGiftData.h */,
				403413C01793FBE4005BC48B /* NextDayClientGiftData.m */,
				403413C21793FBE4005BC48B /* NextDayClientGiftReceiver.h */,
				403413BF1793FBE4005BC48B /* NextDayClientGiftReceiver.m */,
			);
			path = Model;
			sourceTree = "<group>";
		};
		40EE575B176F11870085F6C3 /* NextDayClient */ = {
			isa = PBXGroup;
			children = (
				40EE575C176F11870085F6C3 /* API */,
				40EE5761176F11870085F6C3 /* NextDayClient.h */,
				40EE5762176F11870085F6C3 /* NextDayClient.m */,
				40E0588119499E9500B38E52 /* NextDayClient+Bridge.h */,
				40E0588019499E9500B38E52 /* NextDayClient+Bridge.m */,
				40EE5771176F44230085F6C3 /* NextDayClient+HandlerBlocks.h */,
				40EE5772176F44230085F6C3 /* NextDayClient+HandlerBlocks.m */,
			);
			path = NextDayClient;
			sourceTree = "<group>";
		};
		40EE575C176F11870085F6C3 /* API */ = {
			isa = PBXGroup;
			children = (
				4045271317C33F03007BC2E5 /* NextDayClient+Users.h */,
				4045271417C33F03007BC2E5 /* NextDayClient+Users.m */,
				40EE575D176F11870085F6C3 /* NextDayClient+Calendar.h */,
				40EE575E176F11870085F6C3 /* NextDayClient+Calendar.m */,
				40D6AAFA1776FAB7008427C5 /* NextDayClient+EnvVars.h */,
				40D6AAFB1776FAB7008427C5 /* NextDayClient+EnvVars.m */,
				40D6AAE31776BA47008427C5 /* NextDayClient+Log.h */,
				40D6AAE41776BA47008427C5 /* NextDayClient+Log.m */,
				4063084817A7611D0036CF14 /* NextDayClient+Inbox.h */,
				4063084717A7611D0036CF14 /* NextDayClient+Inbox.m */,
				4034139A1793FBA8005BC48B /* NextDayClient+Outbox.h */,
				403413991793FBA8005BC48B /* NextDayClient+Outbox.m */,
				4045271617C33F2E007BC2E5 /* NextDayClient+Consts.h */,
				4045271717C33F2E007BC2E5 /* NextDayClient+Consts.m */,
			);
			path = API;
			sourceTree = "<group>";
		};
		40EE5767176F11930085F6C3 /* Resources */ = {
			isa = PBXGroup;
			children = (
				40EE574A176DB0CD0085F6C3 /* client.p12 */,
			);
			name = Resources;
			sourceTree = "<group>";
		};
/* End PBXGroup section */

/* Begin PBXNativeTarget section */
		40EE570E176DAF310085F6C3 /* Example */ = {
			isa = PBXNativeTarget;
			buildConfigurationList = 40EE5732176DAF310085F6C3 /* Build configuration list for PBXNativeTarget "Example" */;
			buildPhases = (
				40EE570B176DAF310085F6C3 /* Sources */,
				40EE570C176DAF310085F6C3 /* Frameworks */,
				40EE570D176DAF310085F6C3 /* Resources */,
			);
			buildRules = (
			);
			dependencies = (
			);
			name = Example;
			productName = Example;
			productReference = 40EE570F176DAF310085F6C3 /* Example.app */;
			productType = "com.apple.product-type.application";
		};
/* End PBXNativeTarget section */

/* Begin PBXProject section */
		40EE5707176DAF310085F6C3 /* Project object */ = {
			isa = PBXProject;
			attributes = {
				LastUpgradeCheck = 0460;
				ORGANIZATIONNAME = "Next Experience Interactive";
			};
			buildConfigurationList = 40EE570A176DAF310085F6C3 /* Build configuration list for PBXProject "Example" */;
			compatibilityVersion = "Xcode 3.2";
			developmentRegion = English;
			hasScannedForEncodings = 0;
			knownRegions = (
				en,
			);
			mainGroup = 40EE5706176DAF310085F6C3;
			productRefGroup = 40EE5710176DAF310085F6C3 /* Products */;
			projectDirPath = "";
			projectRoot = "";
			targets = (
				40EE570E176DAF310085F6C3 /* Example */,
			);
		};
/* End PBXProject section */

/* Begin PBXResourcesBuildPhase section */
		40EE570D176DAF310085F6C3 /* Resources */ = {
			isa = PBXResourcesBuildPhase;
			buildActionMask = 2147483647;
			files = (
				40EE571D176DAF310085F6C3 /* InfoPlist.strings in Resources */,
				40EE5725176DAF310085F6C3 /* Default.png in Resources */,
				40EE5727176DAF310085F6C3 /* Default@2x.png in Resources */,
				40EE5729176DAF310085F6C3 /* Default-568h@2x.png in Resources */,
				40E058C71949A10D00B38E52 /* SSKeychain.strings in Resources */,
				40EE572F176DAF310085F6C3 /* ViewController.xib in Resources */,
				40EE5736176DAF810085F6C3 /* README.md in Resources */,
				40EE574B176DB0CD0085F6C3 /* client.p12 in Resources */,
			);
			runOnlyForDeploymentPostprocessing = 0;
		};
/* End PBXResourcesBuildPhase section */

/* Begin PBXSourcesBuildPhase section */
		40EE570B176DAF310085F6C3 /* Sources */ = {
			isa = PBXSourcesBuildPhase;
			buildActionMask = 2147483647;
			files = (
				40E0589B1949A02600B38E52 /* NCWeiboUser.m in Sources */,
				40EE571F176DAF310085F6C3 /* main.m in Sources */,
				40EE5723176DAF310085F6C3 /* AppDelegate.m in Sources */,
				40EE572C176DAF310085F6C3 /* ViewController.m in Sources */,
				40E058BD1949A06400B38E52 /* AFURLConnectionOperation.m in Sources */,
				40E058C81949A10D00B38E52 /* SSKeychain.m in Sources */,
				40EE5742176DAFDD0085F6C3 /* SRWebSocket.m in Sources */,
				40E058B71949A06400B38E52 /* AFHTTPClient.m in Sources */,
				40EE5764176F11870085F6C3 /* NextDayClient+Calendar.m in Sources */,
				40E0589D1949A02600B38E52 /* NCWeiboClient+Status.m in Sources */,
				40E058BF1949A06400B38E52 /* UIImageView+AFNetworking.m in Sources */,
				40E058BC1949A06400B38E52 /* AFPropertyListRequestOperation.m in Sources */,
				40E058A01949A02600B38E52 /* NCWeiboClient.m in Sources */,
				40EE5766176F11870085F6C3 /* NextDayClient.m in Sources */,
				40EE576A176F11F50085F6C3 /* NextDayClientObject.m in Sources */,
				40E058BA1949A06400B38E52 /* AFJSONRequestOperation.m in Sources */,
				40E0589E1949A02600B38E52 /* NCWeiboClient+User.m in Sources */,
				40E0587F19499C9700B38E52 /* NextDayClientHelper.m in Sources */,
				40EE576D176F12D40085F6C3 /* NextDayClientRequest.m in Sources */,
				40E0588219499E9500B38E52 /* NextDayClient+Bridge.m in Sources */,
				40E058BE1949A06400B38E52 /* AFXMLRequestOperation.m in Sources */,
				40E0589F1949A02600B38E52 /* NCWeiboClient+HandlerBlocks.m in Sources */,
				40E058A11949A02600B38E52 /* NCWeiboWebAuthViewController.m in Sources */,
				40EE5773176F44230085F6C3 /* NextDayClient+HandlerBlocks.m in Sources */,
				40E0589C1949A02600B38E52 /* NCWeiboClient+Friendship.m in Sources */,
				40D6AAE51776BA47008427C5 /* NextDayClient+Log.m in Sources */,
				40E0589A1949A02600B38E52 /* NCWeiboAuthentication.m in Sources */,
				40D6AAFC1776FAB7008427C5 /* NextDayClient+EnvVars.m in Sources */,
				40D6AAFF1776FC49008427C5 /* NextDayClientEnvVars.m in Sources */,
				40E058BB1949A06400B38E52 /* AFNetworkActivityIndicatorManager.m in Sources */,
				4034139B1793FBA8005BC48B /* NextDayClient+Outbox.m in Sources */,
				40E058B91949A06400B38E52 /* AFImageRequestOperation.m in Sources */,
				403413C31793FBE4005BC48B /* NextDayClientGiftReceiver.m in Sources */,
				40E058A21949A02600B38E52 /* NCWeiboErrorResponse.m in Sources */,
				403413C41793FBE4005BC48B /* NextDayClientGiftData.m in Sources */,
				40E058B81949A06400B38E52 /* AFHTTPRequestOperation.m in Sources */,
				40E058CF1949A88F00B38E52 /* MBProgressHUD.m in Sources */,
				40E058C91949A10D00B38E52 /* SSKeychainQuery.m in Sources */,
				4045271517C33F03007BC2E5 /* NextDayClient+Users.m in Sources */,
				4063084917A7611D0036CF14 /* NextDayClient+Inbox.m in Sources */,
				4045271817C33F2E007BC2E5 /* NextDayClient+Consts.m in Sources */,
			);
			runOnlyForDeploymentPostprocessing = 0;
		};
/* End PBXSourcesBuildPhase section */

/* Begin PBXVariantGroup section */
		40E058C11949A10D00B38E52 /* SSKeychain.strings */ = {
			isa = PBXVariantGroup;
			children = (
				40E058C21949A10D00B38E52 /* en */,
			);
			name = SSKeychain.strings;
			sourceTree = "<group>";
		};
		40EE571B176DAF310085F6C3 /* InfoPlist.strings */ = {
			isa = PBXVariantGroup;
			children = (
				40EE571C176DAF310085F6C3 /* en */,
			);
			name = InfoPlist.strings;
			sourceTree = "<group>";
		};
		40EE572D176DAF310085F6C3 /* ViewController.xib */ = {
			isa = PBXVariantGroup;
			children = (
				40EE572E176DAF310085F6C3 /* en */,
			);
			name = ViewController.xib;
			sourceTree = "<group>";
		};
/* End PBXVariantGroup section */

/* Begin XCBuildConfiguration section */
		40EE5730176DAF310085F6C3 /* Debug */ = {
			isa = XCBuildConfiguration;
			buildSettings = {
				ALWAYS_SEARCH_USER_PATHS = NO;
				CLANG_CXX_LANGUAGE_STANDARD = "gnu++0x";
				CLANG_CXX_LIBRARY = "libc++";
				CLANG_ENABLE_OBJC_ARC = YES;
				CLANG_WARN_CONSTANT_CONVERSION = YES;
				CLANG_WARN_EMPTY_BODY = YES;
				CLANG_WARN_ENUM_CONVERSION = YES;
				CLANG_WARN_INT_CONVERSION = YES;
				CLANG_WARN__DUPLICATE_METHOD_MATCH = YES;
				"CODE_SIGN_IDENTITY[sdk=iphoneos*]" = "iPhone Developer";
				COPY_PHASE_STRIP = NO;
				GCC_C_LANGUAGE_STANDARD = gnu99;
				GCC_DYNAMIC_NO_PIC = NO;
				GCC_OPTIMIZATION_LEVEL = 0;
				GCC_PREPROCESSOR_DEFINITIONS = (
					"DEBUG=1",
					"$(inherited)",
				);
				GCC_SYMBOLS_PRIVATE_EXTERN = NO;
				GCC_WARN_ABOUT_RETURN_TYPE = YES;
				GCC_WARN_UNINITIALIZED_AUTOS = YES;
				GCC_WARN_UNUSED_VARIABLE = YES;
				IPHONEOS_DEPLOYMENT_TARGET = 6.1;
				ONLY_ACTIVE_ARCH = YES;
				SDKROOT = iphoneos;
			};
			name = Debug;
		};
		40EE5731176DAF310085F6C3 /* Release */ = {
			isa = XCBuildConfiguration;
			buildSettings = {
				ALWAYS_SEARCH_USER_PATHS = NO;
				CLANG_CXX_LANGUAGE_STANDARD = "gnu++0x";
				CLANG_CXX_LIBRARY = "libc++";
				CLANG_ENABLE_OBJC_ARC = YES;
				CLANG_WARN_CONSTANT_CONVERSION = YES;
				CLANG_WARN_EMPTY_BODY = YES;
				CLANG_WARN_ENUM_CONVERSION = YES;
				CLANG_WARN_INT_CONVERSION = YES;
				CLANG_WARN__DUPLICATE_METHOD_MATCH = YES;
				"CODE_SIGN_IDENTITY[sdk=iphoneos*]" = "iPhone Developer";
				COPY_PHASE_STRIP = YES;
				GCC_C_LANGUAGE_STANDARD = gnu99;
				GCC_WARN_ABOUT_RETURN_TYPE = YES;
				GCC_WARN_UNINITIALIZED_AUTOS = YES;
				GCC_WARN_UNUSED_VARIABLE = YES;
				IPHONEOS_DEPLOYMENT_TARGET = 6.1;
				OTHER_CFLAGS = "-DNS_BLOCK_ASSERTIONS=1";
				SDKROOT = iphoneos;
				VALIDATE_PRODUCT = YES;
			};
			name = Release;
		};
		40EE5733176DAF310085F6C3 /* Debug */ = {
			isa = XCBuildConfiguration;
			buildSettings = {
				FRAMEWORK_SEARCH_PATHS = "$(PROJECT_DIR)/ReactiveCocoa/ReactiveCocoaFramework/**";
				GCC_PRECOMPILE_PREFIX_HEADER = YES;
				GCC_PREFIX_HEADER = "Example/Example-Prefix.pch";
				HEADER_SEARCH_PATHS = (
					"\"$(BUILD_ROOT)/../IntermediateBuildFilesPath/UninstalledProducts/include\"",
					"$(inherited)",
				);
				INFOPLIST_FILE = "Example/Example-Info.plist";
				OTHER_LDFLAGS = (
					"-ObjC",
					"-all_load",
				);
				PRODUCT_NAME = "$(TARGET_NAME)";
				WRAPPER_EXTENSION = app;
			};
			name = Debug;
		};
		40EE5734176DAF310085F6C3 /* Release */ = {
			isa = XCBuildConfiguration;
			buildSettings = {
				FRAMEWORK_SEARCH_PATHS = "$(PROJECT_DIR)/ReactiveCocoa/ReactiveCocoaFramework/**";
				GCC_PRECOMPILE_PREFIX_HEADER = YES;
				GCC_PREFIX_HEADER = "Example/Example-Prefix.pch";
				HEADER_SEARCH_PATHS = (
					"\"$(BUILD_ROOT)/../IntermediateBuildFilesPath/UninstalledProducts/include\"",
					"$(inherited)",
				);
				INFOPLIST_FILE = "Example/Example-Info.plist";
				OTHER_LDFLAGS = (
					"-ObjC",
					"-all_load",
				);
				PRODUCT_NAME = "$(TARGET_NAME)";
				WRAPPER_EXTENSION = app;
			};
			name = Release;
		};
/* End XCBuildConfiguration section */

/* Begin XCConfigurationList section */
		40EE570A176DAF310085F6C3 /* Build configuration list for PBXProject "Example" */ = {
			isa = XCConfigurationList;
			buildConfigurations = (
				40EE5730176DAF310085F6C3 /* Debug */,
				40EE5731176DAF310085F6C3 /* Release */,
			);
			defaultConfigurationIsVisible = 0;
			defaultConfigurationName = Release;
		};
		40EE5732176DAF310085F6C3 /* Build configuration list for PBXNativeTarget "Example" */ = {
			isa = XCConfigurationList;
			buildConfigurations = (
				40EE5733176DAF310085F6C3 /* Debug */,
				40EE5734176DAF310085F6C3 /* Release */,
			);
			defaultConfigurationIsVisible = 0;
			defaultConfigurationName = Release;
		};
/* End XCConfigurationList section */
	};
	rootObject = 40EE5707176DAF310085F6C3 /* Project object */;
}
